
Microsoft Visual Studio Solution File, Format Version 12.00
# Visual Studio Version 16
VisualStudioVersion = 16.0.31624.102
MinimumVisualStudioVersion = 10.0.40219.1
Project("{FAE04EC0-301F-11D3-BF4B-00C04F79EFBC}") = "Restaurant.Order", "Restaurant.Order\Restaurant.Order.csproj", "{B76CE581-2112-4DEF-8004-40AE018223E8}"
EndProject
Project("{FAE04EC0-301F-11D3-BF4B-00C04F79EFBC}") = "Restaurant.Order.Tests", "Restaurant.Order.Tests\Restaurant.Order.Tests.csproj", "{A8FC4F00-D3A7-48B6-B99C-AA687633E41F}"
EndProject
Global
	GlobalSection(SolutionConfigurationPlatforms) = preSolution
		Debug|Any CPU = Debug|Any CPU
		Release|Any CPU = Release|Any CPU
	EndGlobalSection
	GlobalSection(ProjectConfigurationPlatforms) = postSolution
		{B76CE581-2112-4DEF-8004-40AE018223E8}.Debug|Any CPU.ActiveCfg = Debug|Any CPU
		{B76CE581-2112-4DEF-8004-40AE018223E8}.Debug|Any CPU.Build.0 = Debug|Any CPU
		{B76CE581-2112-4DEF-8004-40AE018223E8}.Release|Any CPU.ActiveCfg = Release|Any CPU
		{B76CE581-2112-4DEF-8004-40AE018223E8}.Release|Any CPU.Build.0 = Release|Any CPU
		{A8FC4F00-D3A7-48B6-B99C-AA687633E41F}.Debug|Any CPU.ActiveCfg = Debug|Any CPU
		{A8FC4F00-D3A7-48B6-B99C-AA687633E41F}.Debug|Any CPU.Build.0 = Debug|Any CPU
		{A8FC4F00-D3A7-48B6-B99C-AA687633E41F}.Release|Any CPU.ActiveCfg = Release|Any CPU
		{A8FC4F00-D3A7-48B6-B99C-AA687633E41F}.Release|Any CPU.Build.0 = Release|Any CPU
	EndGlobalSection
	GlobalSection(SolutionProperties) = preSolution
		HideSolutionNode = FALSE
	EndGlobalSection
	GlobalSection(ExtensibilityGlobals) = postSolution
		SolutionGuid = {C25109E9-D404-4B1D-BDF0-F8D8E8D49506}
	EndGlobalSection
EndGlobal
